
Microsoft Visual Studio Solution File, Format Version 12.00
# Visual Studio Version 17
VisualStudioVersion = 17.4.33110.190
MinimumVisualStudioVersion = 10.0.40219.1
Project("{FAE04EC0-301F-11D3-BF4B-00C04F79EFBC}") = "usv4", "usv4.csproj", "{78CDFB8C-7D6B-4786-8D72-6CCD63578217}"
EndProject
Global
	GlobalSection(SolutionConfigurationPlatforms) = preSolution
		Debug|Any CPU = Debug|Any CPU
		Release|Any CPU = Release|Any CPU
	EndGlobalSection
	GlobalSection(ProjectConfigurationPlatforms) = postSolution
		{78CDFB8C-7D6B-4786-8D72-6CCD63578217}.Debug|Any CPU.ActiveCfg = Debug|Any CPU
		{78CDFB8C-7D6B-4786-8D72-6CCD63578217}.Debug|Any CPU.Build.0 = Debug|Any CPU
		{78CDFB8C-7D6B-4786-8D72-6CCD63578217}.Release|Any CPU.ActiveCfg = Release|Any CPU
		{78CDFB8C-7D6B-4786-8D72-6CCD63578217}.Release|Any CPU.Build.0 = Release|Any CPU
	EndGlobalSection
	GlobalSection(SolutionProperties) = preSolution
		HideSolutionNode = FALSE
	EndGlobalSection
	GlobalSection(ExtensibilityGlobals) = postSolution
		SolutionGuid = {97ED0FD5-E6E9-4B2B-9AC8-429972CA5623}
	EndGlobalSection
EndGlobal
